
Microsoft Visual Studio Solution File, Format Version 12.00
# Visual Studio Version 16
VisualStudioVersion = 16.0.30611.23
MinimumVisualStudioVersion = 10.0.40219.1
Project("{FAE04EC0-301F-11D3-BF4B-00C04F79EFBC}") = "MovieTime", "MovieTime\MovieTime.csproj", "{8B52C8D7-672F-42D4-AB40-555773F0E1FC}"
EndProject
Global
	GlobalSection(SolutionConfigurationPlatforms) = preSolution
		Debug|Any CPU = Debug|Any CPU
		Release|Any CPU = Release|Any CPU
	EndGlobalSection
	GlobalSection(ProjectConfigurationPlatforms) = postSolution
		{8B52C8D7-672F-42D4-AB40-555773F0E1FC}.Debug|Any CPU.ActiveCfg = Debug|Any CPU
		{8B52C8D7-672F-42D4-AB40-555773F0E1FC}.Debug|Any CPU.Build.0 = Debug|Any CPU
		{8B52C8D7-672F-42D4-AB40-555773F0E1FC}.Release|Any CPU.ActiveCfg = Release|Any CPU
		{8B52C8D7-672F-42D4-AB40-555773F0E1FC}.Release|Any CPU.Build.0 = Release|Any CPU
	EndGlobalSection
	GlobalSection(SolutionProperties) = preSolution
		HideSolutionNode = FALSE
	EndGlobalSection
	GlobalSection(ExtensibilityGlobals) = postSolution
		SolutionGuid = {32A338AA-3F57-4859-8CD8-6BAD8201D45C}
	EndGlobalSection
EndGlobal
